hash: 4d0297e8547a5a05fdb0a68b6e68ebeafb08e8e43572dc900f6b6269bd884091
updated: 2016-07-23T12:02:12.774109092-05:00
imports:
- name: github.com/creack/gogrid
  version: 1257018a65eb430a34883b9e432c503abeff43ff
- name: github.com/mattn/go-runewidth
  version: d6bea18f789704b5f83375793155289da36a3c7f
- name: github.com/nsf/termbox-go
  version: 0723e7c3d0a317dea811f0fbe4d6edd81908c971
- name: github.com/pkg/errors
  version: 01fa4104b9c248c8945d14d9f128454d5b28d595
testImports: []
